// !$*UTF8*$!
{
	archiveVersion = 1;
	classes = {
	};
	objectVersion = 56;
	objects = {

/* Begin PBXBuildFile section */
		3E1104602BB2234A001C6DC8 /* Recommendations in Frameworks */ = {isa = PBXBuildFile; productRef = 3E11045F2BB2234A001C6DC8 /* Recommendations */; };
		3E171AA62B7EB36200D4E016 /* SwiplyApp.swift in Sources */ = {isa = PBXBuildFile; fileRef = 3E171AA52B7EB36200D4E016 /* SwiplyApp.swift */; };
		3E171AA82B7EB36200D4E016 /* ContentView.swift in Sources */ = {isa = PBXBuildFile; fileRef = 3E171AA72B7EB36200D4E016 /* ContentView.swift */; };
		3E171AAA2B7EB36500D4E016 /* Assets.xcassets in Resources */ = {isa = PBXBuildFile; fileRef = 3E171AA92B7EB36500D4E016 /* Assets.xcassets */; };
		3E171AAD2B7EB36500D4E016 /* Preview Assets.xcassets in Resources */ = {isa = PBXBuildFile; fileRef = 3E171AAC2B7EB36500D4E016 /* Preview Assets.xcassets */; };
		3E171AB82B7EB47500D4E016 /* Networking in Frameworks */ = {isa = PBXBuildFile; productRef = 3E171AB72B7EB47500D4E016 /* Networking */; };
		3E27EB9C2BB35941007BB9CB /* Likes in Frameworks */ = {isa = PBXBuildFile; productRef = 3E27EB9B2BB35941007BB9CB /* Likes */; };
		3E27EB9F2BB38D83007BB9CB /* CardInformation in Frameworks */ = {isa = PBXBuildFile; productRef = 3E27EB9E2BB38D83007BB9CB /* CardInformation */; };
		3E4714C42BE158C4002FB0CE /* AppState.swift in Sources */ = {isa = PBXBuildFile; fileRef = 3E4714C32BE158C4002FB0CE /* AppState.swift */; };
		3E6CDC742B81565E00E4C890 /* SplashScreenView.swift in Sources */ = {isa = PBXBuildFile; fileRef = 3E6CDC732B81565E00E4C890 /* SplashScreenView.swift */; };
		3E6CDC762B815F4100E4C890 /* ComposableArchitecture in Frameworks */ = {isa = PBXBuildFile; productRef = 3E6CDC752B815F4100E4C890 /* ComposableArchitecture */; };
		3E6CDC792B82506B00E4C890 /* Root.swift in Sources */ = {isa = PBXBuildFile; fileRef = 3E6CDC782B82506B00E4C890 /* Root.swift */; };
		3E6CDEC82B85392E00E4C890 /* Authorization in Frameworks */ = {isa = PBXBuildFile; productRef = 3E6CDEC72B85392E00E4C890 /* Authorization */; };
		3E79FB662BD8772100749E6B /* Events in Frameworks */ = {isa = PBXBuildFile; productRef = 3E79FB652BD8772100749E6B /* Events */; settings = {ATTRIBUTES = (Required, ); }; };
		3E8B3E712B89029700E77CC9 /* SYVisualKit in Frameworks */ = {isa = PBXBuildFile; productRef = 3E8B3E702B89029700E77CC9 /* SYVisualKit */; };
		3EAE4ECF2C088F4F00D47BA7 /* NotificationsNetworking.swift in Sources */ = {isa = PBXBuildFile; fileRef = 3EAE4ECE2C088F4F00D47BA7 /* NotificationsNetworking.swift */; };
		3EDBE76F2B9E0F1800DDC677 /* AppDelegate.swift in Sources */ = {isa = PBXBuildFile; fileRef = 3EDBE76E2B9E0F1800DDC677 /* AppDelegate.swift */; };
		3EDBE7722B9E163200DDC677 /* RootView.swift in Sources */ = {isa = PBXBuildFile; fileRef = 3EDBE7712B9E163200DDC677 /* RootView.swift */; };
		3EE80C5C2BAA19F60018ED2F /* MainScreen in Frameworks */ = {isa = PBXBuildFile; productRef = 3EE80C5B2BAA19F60018ED2F /* MainScreen */; };
		3EE8E7B12BEBFA0400DEBE2C /* SYCore in Frameworks */ = {isa = PBXBuildFile; productRef = 3EE8E7B02BEBFA0400DEBE2C /* SYCore */; };
		3EEB60B32C0227FA00EB6C94 /* StoreKit.framework in Frameworks */ = {isa = PBXBuildFile; fileRef = 3EEB60B22C0227FA00EB6C94 /* StoreKit.framework */; };
		3EF79C952BA788C000D4D3BE /* SYKeychain in Frameworks */ = {isa = PBXBuildFile; productRef = 3EF79C942BA788C000D4D3BE /* SYKeychain */; };
		3EFA20232BE151FE00E6DC1B /* AppStateManager.swift in Sources */ = {isa = PBXBuildFile; fileRef = 3EFA20222BE151FE00E6DC1B /* AppStateManager.swift */; };
		5E09F4892BB591F00030F785 /* Profile in Frameworks */ = {isa = PBXBuildFile; productRef = 5E09F4882BB591F00030F785 /* Profile */; };
		5E09F48C2BB5A6690030F785 /* ProfilesService in Frameworks */ = {isa = PBXBuildFile; productRef = 5E09F48B2BB5A6690030F785 /* ProfilesService */; };
		5E09F48F2BB5DC0C0030F785 /* RandomCoffee in Frameworks */ = {isa = PBXBuildFile; productRef = 5E09F48E2BB5DC0C0030F785 /* RandomCoffee */; };
		5E1FC8442BA3509B0077946F /* ProfileCreation in Frameworks */ = {isa = PBXBuildFile; productRef = 5E1FC8432BA3509B0077946F /* ProfileCreation */; };
		5E4860952BB232F8006F10F5 /* Chat in Frameworks */ = {isa = PBXBuildFile; productRef = 5E4860942BB232F8006F10F5 /* Chat */; };
/* End PBXBuildFile section */

/* Begin PBXFileReference section */
		3E171AA22B7EB36200D4E016 /* Swiply.app */ = {isa = PBXFileReference; explicitFileType = wrapper.application; includeInIndex = 0; path = Swiply.app; sourceTree = BUILT_PRODUCTS_DIR; };
		3E171AA52B7EB36200D4E016 /* SwiplyApp.swift */ = {isa = PBXFileReference; lastKnownFileType = sourcecode.swift; path = SwiplyApp.swift; sourceTree = "<group>"; };
		3E171AA72B7EB36200D4E016 /* ContentView.swift */ = {isa = PBXFileReference; lastKnownFileType = sourcecode.swift; path = ContentView.swift; sourceTree = "<group>"; };
		3E171AA92B7EB36500D4E016 /* Assets.xcassets */ = {isa = PBXFileReference; lastKnownFileType = folder.assetcatalog; path = Assets.xcassets; sourceTree = "<group>"; };
		3E171AAC2B7EB36500D4E016 /* Preview Assets.xcassets */ = {isa = PBXFileReference; lastKnownFileType = folder.assetcatalog; path = "Preview Assets.xcassets"; sourceTree = "<group>"; };
		3E171AB52B7EB45700D4E016 /* Networking */ = {isa = PBXFileReference; lastKnownFileType = wrapper; path = Networking; sourceTree = "<group>"; };
		3E1D0D1F2BF7F1B300684703 /* CorporateEmailConfirmation */ = {isa = PBXFileReference; lastKnownFileType = wrapper; path = CorporateEmailConfirmation; sourceTree = "<group>"; };
		3E27EB9A2BB34E89007BB9CB /* Likes */ = {isa = PBXFileReference; lastKnownFileType = wrapper; path = Likes; sourceTree = "<group>"; };
		3E27EB9D2BB386F5007BB9CB /* CardInformation */ = {isa = PBXFileReference; lastKnownFileType = wrapper; path = CardInformation; sourceTree = "<group>"; };
		3E4714C32BE158C4002FB0CE /* AppState.swift */ = {isa = PBXFileReference; lastKnownFileType = sourcecode.swift; path = AppState.swift; sourceTree = "<group>"; };
		3E6CDC6F2B81525800E4C890 /* Authorization */ = {isa = PBXFileReference; lastKnownFileType = wrapper; path = Authorization; sourceTree = "<group>"; };
		3E6CDC732B81565E00E4C890 /* SplashScreenView.swift */ = {isa = PBXFileReference; lastKnownFileType = sourcecode.swift; path = SplashScreenView.swift; sourceTree = "<group>"; };
		3E6CDC782B82506B00E4C890 /* Root.swift */ = {isa = PBXFileReference; lastKnownFileType = sourcecode.swift; path = Root.swift; sourceTree = "<group>"; };
		3E79FB642BD86CF900749E6B /* Events */ = {isa = PBXFileReference; lastKnownFileType = wrapper; path = Events; sourceTree = "<group>"; };
		3E8B3E6F2B88FEE400E77CC9 /* SYVisualKit */ = {isa = PBXFileReference; lastKnownFileType = wrapper; path = SYVisualKit; sourceTree = "<group>"; };
		3EA72FAE2BE950A7003919EA /* SYCore */ = {isa = PBXFileReference; lastKnownFileType = wrapper; path = SYCore; sourceTree = "<group>"; };
		3EAE4ECE2C088F4F00D47BA7 /* NotificationsNetworking.swift */ = {isa = PBXFileReference; lastKnownFileType = sourcecode.swift; path = NotificationsNetworking.swift; sourceTree = "<group>"; };
		3EB9BF482B811DBD000C502A /* Info.plist */ = {isa = PBXFileReference; lastKnownFileType = text.plist; path = Info.plist; sourceTree = "<group>"; };
		3EDBE76E2B9E0F1800DDC677 /* AppDelegate.swift */ = {isa = PBXFileReference; lastKnownFileType = sourcecode.swift; path = AppDelegate.swift; sourceTree = "<group>"; };
		3EDBE7712B9E163200DDC677 /* RootView.swift */ = {isa = PBXFileReference; lastKnownFileType = sourcecode.swift; path = RootView.swift; sourceTree = "<group>"; };
		3EE80C5A2BAA0FC40018ED2F /* MainScreen */ = {isa = PBXFileReference; lastKnownFileType = wrapper; path = MainScreen; sourceTree = "<group>"; };
		3EE80EAC2BAF6CF60018ED2F /* Recommendations */ = {isa = PBXFileReference; lastKnownFileType = wrapper; path = Recommendations; sourceTree = "<group>"; };
		3EE926632C067FDC00FFEFD0 /* TestConfiguration.storekit */ = {isa = PBXFileReference; lastKnownFileType = text; path = TestConfiguration.storekit; sourceTree = "<group>"; };
		3EEB60B12C0227BD00EB6C94 /* Swiply.entitlements */ = {isa = PBXFileReference; lastKnownFileType = text.plist.entitlements; path = Swiply.entitlements; sourceTree = "<group>"; };
		3EEB60B22C0227FA00EB6C94 /* StoreKit.framework */ = {isa = PBXFileReference; lastKnownFileType = wrapper.framework; name = StoreKit.framework; path = System/Library/Frameworks/StoreKit.framework; sourceTree = SDKROOT; };
		3EF79C122BA7561E00D4D3BE /* SYKeychain */ = {isa = PBXFileReference; lastKnownFileType = wrapper; path = SYKeychain; sourceTree = "<group>"; };
		3EFA20222BE151FE00E6DC1B /* AppStateManager.swift */ = {isa = PBXFileReference; lastKnownFileType = sourcecode.swift; path = AppStateManager.swift; sourceTree = "<group>"; };
		5E09F4872BB591E00030F785 /* Profile */ = {isa = PBXFileReference; lastKnownFileType = wrapper; path = Profile; sourceTree = "<group>"; };
		5E09F48A2BB5A65C0030F785 /* ProfilesService */ = {isa = PBXFileReference; lastKnownFileType = wrapper; path = ProfilesService; sourceTree = "<group>"; };
		5E09F48D2BB5DB760030F785 /* RandomCoffee */ = {isa = PBXFileReference; lastKnownFileType = wrapper; path = RandomCoffee; sourceTree = "<group>"; };
		5E339C0D2BA34C7800B65E39 /* ProfileCreation */ = {isa = PBXFileReference; lastKnownFileType = wrapper; path = ProfileCreation; sourceTree = "<group>"; };
		5E4860932BB232B0006F10F5 /* Chat */ = {isa = PBXFileReference; lastKnownFileType = wrapper; path = Chat; sourceTree = "<group>"; };
/* End PBXFileReference section */

/* Begin PBXFrameworksBuildPhase section */
		3E171A9F2B7EB36200D4E016 /* Frameworks */ = {
			isa = PBXFrameworksBuildPhase;
			buildActionMask = 2147483647;
			files = (
				3E79FB662BD8772100749E6B /* Events in Frameworks */,
				3E6CDC762B815F4100E4C890 /* ComposableArchitecture in Frameworks */,
				5E09F4892BB591F00030F785 /* Profile in Frameworks */,
				5E1FC8442BA3509B0077946F /* ProfileCreation in Frameworks */,
				3EF79C952BA788C000D4D3BE /* SYKeychain in Frameworks */,
				3E27EB9F2BB38D83007BB9CB /* CardInformation in Frameworks */,
				3E27EB9C2BB35941007BB9CB /* Likes in Frameworks */,
				3E6CDEC82B85392E00E4C890 /* Authorization in Frameworks */,
				5E4860952BB232F8006F10F5 /* Chat in Frameworks */,
				3EE80C5C2BAA19F60018ED2F /* MainScreen in Frameworks */,
				5E09F48F2BB5DC0C0030F785 /* RandomCoffee in Frameworks */,
				3EE8E7B12BEBFA0400DEBE2C /* SYCore in Frameworks */,
				3E171AB82B7EB47500D4E016 /* Networking in Frameworks */,
				3E8B3E712B89029700E77CC9 /* SYVisualKit in Frameworks */,
				3EEB60B32C0227FA00EB6C94 /* StoreKit.framework in Frameworks */,
				3E1104602BB2234A001C6DC8 /* Recommendations in Frameworks */,
				5E09F48C2BB5A6690030F785 /* ProfilesService in Frameworks */,
			);
			runOnlyForDeploymentPostprocessing = 0;
		};
/* End PBXFrameworksBuildPhase section */

/* Begin PBXGroup section */
		3E171A992B7EB36200D4E016 = {
			isa = PBXGroup;
			children = (
				3EE926632C067FDC00FFEFD0 /* TestConfiguration.storekit */,
				3E1D0D1F2BF7F1B300684703 /* CorporateEmailConfirmation */,
				3EA72FAE2BE950A7003919EA /* SYCore */,
				3E79FB642BD86CF900749E6B /* Events */,
				5E09F48D2BB5DB760030F785 /* RandomCoffee */,
				5E09F48A2BB5A65C0030F785 /* ProfilesService */,
				5E09F4872BB591E00030F785 /* Profile */,
				3E27EB9D2BB386F5007BB9CB /* CardInformation */,
				3E27EB9A2BB34E89007BB9CB /* Likes */,
				5E4860932BB232B0006F10F5 /* Chat */,
				3EE80EAC2BAF6CF60018ED2F /* Recommendations */,
				3EE80C5A2BAA0FC40018ED2F /* MainScreen */,
				5E339C0D2BA34C7800B65E39 /* ProfileCreation */,
				3EF79C122BA7561E00D4D3BE /* SYKeychain */,
				3E8B3E6F2B88FEE400E77CC9 /* SYVisualKit */,
				3E171AB52B7EB45700D4E016 /* Networking */,
				3E6CDC6F2B81525800E4C890 /* Authorization */,
				3E171AA42B7EB36200D4E016 /* Swiply */,
				3E171AA32B7EB36200D4E016 /* Products */,
				3E171AB62B7EB47500D4E016 /* Frameworks */,
			);
			sourceTree = "<group>";
		};
		3E171AA32B7EB36200D4E016 /* Products */ = {
			isa = PBXGroup;
			children = (
				3E171AA22B7EB36200D4E016 /* Swiply.app */,
			);
			name = Products;
			sourceTree = "<group>";
		};
		3E171AA42B7EB36200D4E016 /* Swiply */ = {
			isa = PBXGroup;
			children = (
				3EEB60B12C0227BD00EB6C94 /* Swiply.entitlements */,
				3EFA20202BE151DC00E6DC1B /* RootDependencies */,
				3EDBE7702B9E0F1C00DDC677 /* AppDelegate */,
				3EDBE76D2B9E0E4100DDC677 /* App */,
				3E6CDC772B824DE300E4C890 /* Root */,
				3E6CDC702B81563B00E4C890 /* SplashScreen */,
				3EB9BF482B811DBD000C502A /* Info.plist */,
				3E171AA72B7EB36200D4E016 /* ContentView.swift */,
				3E171AA92B7EB36500D4E016 /* Assets.xcassets */,
				3E171AAB2B7EB36500D4E016 /* Preview Content */,
			);
			path = Swiply;
			sourceTree = "<group>";
		};
		3E171AAB2B7EB36500D4E016 /* Preview Content */ = {
			isa = PBXGroup;
			children = (
				3E171AAC2B7EB36500D4E016 /* Preview Assets.xcassets */,
			);
			path = "Preview Content";
			sourceTree = "<group>";
		};
		3E171AB62B7EB47500D4E016 /* Frameworks */ = {
			isa = PBXGroup;
			children = (
				3EEB60B22C0227FA00EB6C94 /* StoreKit.framework */,
			);
			name = Frameworks;
			sourceTree = "<group>";
		};
		3E4714C22BE158B8002FB0CE /* Model */ = {
			isa = PBXGroup;
			children = (
				3E4714C32BE158C4002FB0CE /* AppState.swift */,
			);
			path = Model;
			sourceTree = "<group>";
		};
		3E6CDC702B81563B00E4C890 /* SplashScreen */ = {
			isa = PBXGroup;
			children = (
				3E6CDC732B81565E00E4C890 /* SplashScreenView.swift */,
			);
			path = SplashScreen;
			sourceTree = "<group>";
		};
		3E6CDC772B824DE300E4C890 /* Root */ = {
			isa = PBXGroup;
			children = (
				3E6CDC782B82506B00E4C890 /* Root.swift */,
				3EDBE7712B9E163200DDC677 /* RootView.swift */,
			);
			path = Root;
			sourceTree = "<group>";
		};
		3EAE4ECD2C088F3200D47BA7 /* NotificationsNetworking */ = {
			isa = PBXGroup;
			children = (
				3EAE4ECE2C088F4F00D47BA7 /* NotificationsNetworking.swift */,
			);
			path = NotificationsNetworking;
			sourceTree = "<group>";
		};
		3EDBE76D2B9E0E4100DDC677 /* App */ = {
			isa = PBXGroup;
			children = (
				3E171AA52B7EB36200D4E016 /* SwiplyApp.swift */,
			);
			path = App;
			sourceTree = "<group>";
		};
		3EDBE7702B9E0F1C00DDC677 /* AppDelegate */ = {
			isa = PBXGroup;
			children = (
				3EDBE76E2B9E0F1800DDC677 /* AppDelegate.swift */,
			);
			path = AppDelegate;
			sourceTree = "<group>";
		};
		3EFA20202BE151DC00E6DC1B /* RootDependencies */ = {
			isa = PBXGroup;
			children = (
				3EAE4ECD2C088F3200D47BA7 /* NotificationsNetworking */,
				3EFA20212BE151E900E6DC1B /* AppStateManager */,
			);
			path = RootDependencies;
			sourceTree = "<group>";
		};
		3EFA20212BE151E900E6DC1B /* AppStateManager */ = {
			isa = PBXGroup;
			children = (
				3E4714C22BE158B8002FB0CE /* Model */,
				3EFA20222BE151FE00E6DC1B /* AppStateManager.swift */,
			);
			path = AppStateManager;
			sourceTree = "<group>";
		};
/* End PBXGroup section */

/* Begin PBXNativeTarget section */
		3E171AA12B7EB36200D4E016 /* Swiply */ = {
			isa = PBXNativeTarget;
			buildConfigurationList = 3E171AB02B7EB36500D4E016 /* Build configuration list for PBXNativeTarget "Swiply" */;
			buildPhases = (
				3E171A9E2B7EB36200D4E016 /* Sources */,
				3E171A9F2B7EB36200D4E016 /* Frameworks */,
				3E171AA02B7EB36200D4E016 /* Resources */,
			);
			buildRules = (
			);
			dependencies = (
			);
			name = Swiply;
			packageProductDependencies = (
				3E171AB72B7EB47500D4E016 /* Networking */,
				3E6CDC752B815F4100E4C890 /* ComposableArchitecture */,
				3E6CDEC72B85392E00E4C890 /* Authorization */,
				3E8B3E702B89029700E77CC9 /* SYVisualKit */,
				5E1FC8432BA3509B0077946F /* ProfileCreation */,
				3EF79C942BA788C000D4D3BE /* SYKeychain */,
				3EE80C5B2BAA19F60018ED2F /* MainScreen */,
				3E11045F2BB2234A001C6DC8 /* Recommendations */,
				5E4860942BB232F8006F10F5 /* Chat */,
				3E27EB9B2BB35941007BB9CB /* Likes */,
				5E09F4882BB591F00030F785 /* Profile */,
				5E09F48B2BB5A6690030F785 /* ProfilesService */,
				5E09F48E2BB5DC0C0030F785 /* RandomCoffee */,
				3E27EB9E2BB38D83007BB9CB /* CardInformation */,
				3E79FB652BD8772100749E6B /* Events */,
				3EE8E7B02BEBFA0400DEBE2C /* SYCore */,
			);
			productName = Swiply;
			productReference = 3E171AA22B7EB36200D4E016 /* Swiply.app */;
			productType = "com.apple.product-type.application";
		};
/* End PBXNativeTarget section */

/* Begin PBXProject section */
		3E171A9A2B7EB36200D4E016 /* Project object */ = {
			isa = PBXProject;
			attributes = {
				BuildIndependentTargetsInParallel = 1;
				LastSwiftUpdateCheck = 1530;
				LastUpgradeCheck = 1500;
				TargetAttributes = {
					3E171AA12B7EB36200D4E016 = {
						CreatedOnToolsVersion = 15.0.1;
					};
				};
			};
			buildConfigurationList = 3E171A9D2B7EB36200D4E016 /* Build configuration list for PBXProject "Swiply" */;
			compatibilityVersion = "Xcode 14.0";
			developmentRegion = en;
			hasScannedForEncodings = 0;
			knownRegions = (
				en,
				Base,
			);
			mainGroup = 3E171A992B7EB36200D4E016;
			packageReferences = (
				3E162C692B80E1010069E0AC /* XCRemoteSwiftPackageReference "swift-composable-architecture" */,
			);
			productRefGroup = 3E171AA32B7EB36200D4E016 /* Products */;
			projectDirPath = "";
			projectRoot = "";
			targets = (
				3E171AA12B7EB36200D4E016 /* Swiply */,
			);
		};
/* End PBXProject section */

/* Begin PBXResourcesBuildPhase section */
		3E171AA02B7EB36200D4E016 /* Resources */ = {
			isa = PBXResourcesBuildPhase;
			buildActionMask = 2147483647;
			files = (
				3E171AAD2B7EB36500D4E016 /* Preview Assets.xcassets in Resources */,
				3E171AAA2B7EB36500D4E016 /* Assets.xcassets in Resources */,
			);
			runOnlyForDeploymentPostprocessing = 0;
		};
/* End PBXResourcesBuildPhase section */

/* Begin PBXSourcesBuildPhase section */
		3E171A9E2B7EB36200D4E016 /* Sources */ = {
			isa = PBXSourcesBuildPhase;
			buildActionMask = 2147483647;
			files = (
				3EDBE76F2B9E0F1800DDC677 /* AppDelegate.swift in Sources */,
				3EFA20232BE151FE00E6DC1B /* AppStateManager.swift in Sources */,
				3E6CDC792B82506B00E4C890 /* Root.swift in Sources */,
				3E4714C42BE158C4002FB0CE /* AppState.swift in Sources */,
				3EAE4ECF2C088F4F00D47BA7 /* NotificationsNetworking.swift in Sources */,
				3E171AA82B7EB36200D4E016 /* ContentView.swift in Sources */,
				3EDBE7722B9E163200DDC677 /* RootView.swift in Sources */,
				3E171AA62B7EB36200D4E016 /* SwiplyApp.swift in Sources */,
				3E6CDC742B81565E00E4C890 /* SplashScreenView.swift in Sources */,
			);
			runOnlyForDeploymentPostprocessing = 0;
		};
/* End PBXSourcesBuildPhase section */

/* Begin XCBuildConfiguration section */
		3E171AAE2B7EB36500D4E016 /* Debug */ = {
			isa = XCBuildConfiguration;
			buildSettings = {
				ALWAYS_SEARCH_USER_PATHS = NO;
				ASSETCATALOG_COMPILER_GENERATE_SWIFT_ASSET_SYMBOL_EXTENSIONS = YES;
				CLANG_ANALYZER_NONNULL = YES;
				CLANG_ANALYZER_NUMBER_OBJECT_CONVERSION = YES_AGGRESSIVE;
				CLANG_CXX_LANGUAGE_STANDARD = "gnu++20";
				CLANG_ENABLE_MODULES = YES;
				CLANG_ENABLE_OBJC_ARC = YES;
				CLANG_ENABLE_OBJC_WEAK = YES;
				CLANG_WARN_BLOCK_CAPTURE_AUTORELEASING = YES;
				CLANG_WARN_BOOL_CONVERSION = YES;
				CLANG_WARN_COMMA = YES;
				CLANG_WARN_CONSTANT_CONVERSION = YES;
				CLANG_WARN_DEPRECATED_OBJC_IMPLEMENTATIONS = YES;
				CLANG_WARN_DIRECT_OBJC_ISA_USAGE = YES_ERROR;
				CLANG_WARN_DOCUMENTATION_COMMENTS = YES;
				CLANG_WARN_EMPTY_BODY = YES;
				CLANG_WARN_ENUM_CONVERSION = YES;
				CLANG_WARN_INFINITE_RECURSION = YES;
				CLANG_WARN_INT_CONVERSION = YES;
				CLANG_WARN_NON_LITERAL_NULL_CONVERSION = YES;
				CLANG_WARN_OBJC_IMPLICIT_RETAIN_SELF = YES;
				CLANG_WARN_OBJC_LITERAL_CONVERSION = YES;
				CLANG_WARN_OBJC_ROOT_CLASS = YES_ERROR;
				CLANG_WARN_QUOTED_INCLUDE_IN_FRAMEWORK_HEADER = YES;
				CLANG_WARN_RANGE_LOOP_ANALYSIS = YES;
				CLANG_WARN_STRICT_PROTOTYPES = YES;
				CLANG_WARN_SUSPICIOUS_MOVE = YES;
				CLANG_WARN_UNGUARDED_AVAILABILITY = YES_AGGRESSIVE;
				CLANG_WARN_UNREACHABLE_CODE = YES;
				CLANG_WARN__DUPLICATE_METHOD_MATCH = YES;
				COPY_PHASE_STRIP = NO;
				DEBUG_INFORMATION_FORMAT = dwarf;
				ENABLE_STRICT_OBJC_MSGSEND = YES;
				ENABLE_TESTABILITY = YES;
				ENABLE_USER_SCRIPT_SANDBOXING = YES;
				GCC_C_LANGUAGE_STANDARD = gnu17;
				GCC_DYNAMIC_NO_PIC = NO;
				GCC_NO_COMMON_BLOCKS = YES;
				GCC_OPTIMIZATION_LEVEL = 0;
				GCC_PREPROCESSOR_DEFINITIONS = (
					"DEBUG=1",
					"$(inherited)",
				);
				GCC_WARN_64_TO_32_BIT_CONVERSION = YES;
				GCC_WARN_ABOUT_RETURN_TYPE = YES_ERROR;
				GCC_WARN_UNDECLARED_SELECTOR = YES;
				GCC_WARN_UNINITIALIZED_AUTOS = YES_AGGRESSIVE;
				GCC_WARN_UNUSED_FUNCTION = YES;
				GCC_WARN_UNUSED_VARIABLE = YES;
				IPHONEOS_DEPLOYMENT_TARGET = 17.0;
				LOCALIZATION_PREFERS_STRING_CATALOGS = YES;
				MTL_ENABLE_DEBUG_INFO = INCLUDE_SOURCE;
				MTL_FAST_MATH = YES;
				ONLY_ACTIVE_ARCH = YES;
				SDKROOT = iphoneos;
				SWIFT_ACTIVE_COMPILATION_CONDITIONS = "DEBUG $(inherited)";
				SWIFT_OPTIMIZATION_LEVEL = "-Onone";
			};
			name = Debug;
		};
		3E171AAF2B7EB36500D4E016 /* Release */ = {
			isa = XCBuildConfiguration;
			buildSettings = {
				ALWAYS_SEARCH_USER_PATHS = NO;
				ASSETCATALOG_COMPILER_GENERATE_SWIFT_ASSET_SYMBOL_EXTENSIONS = YES;
				CLANG_ANALYZER_NONNULL = YES;
				CLANG_ANALYZER_NUMBER_OBJECT_CONVERSION = YES_AGGRESSIVE;
				CLANG_CXX_LANGUAGE_STANDARD = "gnu++20";
				CLANG_ENABLE_MODULES = YES;
				CLANG_ENABLE_OBJC_ARC = YES;
				CLANG_ENABLE_OBJC_WEAK = YES;
				CLANG_WARN_BLOCK_CAPTURE_AUTORELEASING = YES;
				CLANG_WARN_BOOL_CONVERSION = YES;
				CLANG_WARN_COMMA = YES;
				CLANG_WARN_CONSTANT_CONVERSION = YES;
				CLANG_WARN_DEPRECATED_OBJC_IMPLEMENTATIONS = YES;
				CLANG_WARN_DIRECT_OBJC_ISA_USAGE = YES_ERROR;
				CLANG_WARN_DOCUMENTATION_COMMENTS = YES;
				CLANG_WARN_EMPTY_BODY = YES;
				CLANG_WARN_ENUM_CONVERSION = YES;
				CLANG_WARN_INFINITE_RECURSION = YES;
				CLANG_WARN_INT_CONVERSION = YES;
				CLANG_WARN_NON_LITERAL_NULL_CONVERSION = YES;
				CLANG_WARN_OBJC_IMPLICIT_RETAIN_SELF = YES;
				CLANG_WARN_OBJC_LITERAL_CONVERSION = YES;
				CLANG_WARN_OBJC_ROOT_CLASS = YES_ERROR;
				CLANG_WARN_QUOTED_INCLUDE_IN_FRAMEWORK_HEADER = YES;
				CLANG_WARN_RANGE_LOOP_ANALYSIS = YES;
				CLANG_WARN_STRICT_PROTOTYPES = YES;
				CLANG_WARN_SUSPICIOUS_MOVE = YES;
				CLANG_WARN_UNGUARDED_AVAILABILITY = YES_AGGRESSIVE;
				CLANG_WARN_UNREACHABLE_CODE = YES;
				CLANG_WARN__DUPLICATE_METHOD_MATCH = YES;
				COPY_PHASE_STRIP = NO;
				DEBUG_INFORMATION_FORMAT = "dwarf-with-dsym";
				ENABLE_NS_ASSERTIONS = NO;
				ENABLE_STRICT_OBJC_MSGSEND = YES;
				ENABLE_USER_SCRIPT_SANDBOXING = YES;
				GCC_C_LANGUAGE_STANDARD = gnu17;
				GCC_NO_COMMON_BLOCKS = YES;
				GCC_WARN_64_TO_32_BIT_CONVERSION = YES;
				GCC_WARN_ABOUT_RETURN_TYPE = YES_ERROR;
				GCC_WARN_UNDECLARED_SELECTOR = YES;
				GCC_WARN_UNINITIALIZED_AUTOS = YES_AGGRESSIVE;
				GCC_WARN_UNUSED_FUNCTION = YES;
				GCC_WARN_UNUSED_VARIABLE = YES;
				IPHONEOS_DEPLOYMENT_TARGET = 17.0;
				LOCALIZATION_PREFERS_STRING_CATALOGS = YES;
				MTL_ENABLE_DEBUG_INFO = NO;
				MTL_FAST_MATH = YES;
				SDKROOT = iphoneos;
				SWIFT_COMPILATION_MODE = wholemodule;
				VALIDATE_PRODUCT = YES;
			};
			name = Release;
		};
		3E171AB12B7EB36500D4E016 /* Debug */ = {
			isa = XCBuildConfiguration;
			buildSettings = {
				ASSETCATALOG_COMPILER_APPICON_NAME = AppIcon;
				ASSETCATALOG_COMPILER_GLOBAL_ACCENT_COLOR_NAME = AccentColor;
				CODE_SIGN_ENTITLEMENTS = Swiply/Swiply.entitlements;
				CODE_SIGN_STYLE = Automatic;
				CURRENT_PROJECT_VERSION = 1;
				DEVELOPMENT_ASSET_PATHS = "\"Swiply/Preview Content\"";
				DEVELOPMENT_TEAM = G2449KS8L9;
				ENABLE_PREVIEWS = YES;
				GENERATE_INFOPLIST_FILE = YES;
				INFOPLIST_FILE = Swiply/Info.plist;
				INFOPLIST_KEY_UIApplicationSceneManifest_Generation = YES;
				INFOPLIST_KEY_UIApplicationSupportsIndirectInputEvents = YES;
				INFOPLIST_KEY_UISupportedInterfaceOrientations_iPad = "UIInterfaceOrientationPortrait UIInterfaceOrientationPortraitUpsideDown UIInterfaceOrientationLandscapeLeft UIInterfaceOrientationLandscapeRight";
				INFOPLIST_KEY_UISupportedInterfaceOrientations_iPhone = "UIInterfaceOrientationPortrait UIInterfaceOrientationLandscapeLeft UIInterfaceOrientationLandscapeRight";
				LD_RUNPATH_SEARCH_PATHS = (
					"$(inherited)",
					"@executable_path/Frameworks",
				);
				MARKETING_VERSION = 1.0;
				PRODUCT_BUNDLE_IDENTIFIER = Swiply;
				PRODUCT_NAME = "$(TARGET_NAME)";
				SWIFT_EMIT_LOC_STRINGS = YES;
				SWIFT_VERSION = 5.0;
				TARGETED_DEVICE_FAMILY = "1,2";
			};
			name = Debug;
		};
		3E171AB22B7EB36500D4E016 /* Release */ = {
			isa = XCBuildConfiguration;
			buildSettings = {
				ASSETCATALOG_COMPILER_APPICON_NAME = AppIcon;
				ASSETCATALOG_COMPILER_GLOBAL_ACCENT_COLOR_NAME = AccentColor;
				CODE_SIGN_ENTITLEMENTS = Swiply/Swiply.entitlements;
				CODE_SIGN_STYLE = Automatic;
				CURRENT_PROJECT_VERSION = 1;
				DEVELOPMENT_ASSET_PATHS = "\"Swiply/Preview Content\"";
				DEVELOPMENT_TEAM = G2449KS8L9;
				ENABLE_PREVIEWS = YES;
				GENERATE_INFOPLIST_FILE = YES;
				INFOPLIST_FILE = Swiply/Info.plist;
				INFOPLIST_KEY_UIApplicationSceneManifest_Generation = YES;
				INFOPLIST_KEY_UIApplicationSupportsIndirectInputEvents = YES;
				INFOPLIST_KEY_UISupportedInterfaceOrientations_iPad = "UIInterfaceOrientationPortrait UIInterfaceOrientationPortraitUpsideDown UIInterfaceOrientationLandscapeLeft UIInterfaceOrientationLandscapeRight";
				INFOPLIST_KEY_UISupportedInterfaceOrientations_iPhone = "UIInterfaceOrientationPortrait UIInterfaceOrientationLandscapeLeft UIInterfaceOrientationLandscapeRight";
				LD_RUNPATH_SEARCH_PATHS = (
					"$(inherited)",
					"@executable_path/Frameworks",
				);
				MARKETING_VERSION = 1.0;
				PRODUCT_BUNDLE_IDENTIFIER = Swiply;
				PRODUCT_NAME = "$(TARGET_NAME)";
				SWIFT_EMIT_LOC_STRINGS = YES;
				SWIFT_VERSION = 5.0;
				TARGETED_DEVICE_FAMILY = "1,2";
			};
			name = Release;
		};
/* End XCBuildConfiguration section */

/* Begin XCConfigurationList section */
		3E171A9D2B7EB36200D4E016 /* Build configuration list for PBXProject "Swiply" */ = {
			isa = XCConfigurationList;
			buildConfigurations = (
				3E171AAE2B7EB36500D4E016 /* Debug */,
				3E171AAF2B7EB36500D4E016 /* Release */,
			);
			defaultConfigurationIsVisible = 0;
			defaultConfigurationName = Release;
		};
		3E171AB02B7EB36500D4E016 /* Build configuration list for PBXNativeTarget "Swiply" */ = {
			isa = XCConfigurationList;
			buildConfigurations = (
				3E171AB12B7EB36500D4E016 /* Debug */,
				3E171AB22B7EB36500D4E016 /* Release */,
			);
			defaultConfigurationIsVisible = 0;
			defaultConfigurationName = Release;
		};
/* End XCConfigurationList section */

/* Begin XCRemoteSwiftPackageReference section */
		3E162C692B80E1010069E0AC /* XCRemoteSwiftPackageReference "swift-composable-architecture" */ = {
			isa = XCRemoteSwiftPackageReference;
			repositoryURL = "https://github.com/pointfreeco/swift-composable-architecture.git";
			requirement = {
				kind = upToNextMajorVersion;
				minimumVersion = 1.8.0;
			};
		};
/* End XCRemoteSwiftPackageReference section */

/* Begin XCSwiftPackageProductDependency section */
		3E11045F2BB2234A001C6DC8 /* Recommendations */ = {
			isa = XCSwiftPackageProductDependency;
			productName = Recommendations;
		};
		3E171AB72B7EB47500D4E016 /* Networking */ = {
			isa = XCSwiftPackageProductDependency;
			productName = Networking;
		};
		3E27EB9B2BB35941007BB9CB /* Likes */ = {
			isa = XCSwiftPackageProductDependency;
			productName = Likes;
		};
		3E27EB9E2BB38D83007BB9CB /* CardInformation */ = {
			isa = XCSwiftPackageProductDependency;
			productName = CardInformation;
		};
		3E6CDC752B815F4100E4C890 /* ComposableArchitecture */ = {
			isa = XCSwiftPackageProductDependency;
			package = 3E162C692B80E1010069E0AC /* XCRemoteSwiftPackageReference "swift-composable-architecture" */;
			productName = ComposableArchitecture;
		};
		3E6CDEC72B85392E00E4C890 /* Authorization */ = {
			isa = XCSwiftPackageProductDependency;
			productName = Authorization;
		};
		3E79FB652BD8772100749E6B /* Events */ = {
			isa = XCSwiftPackageProductDependency;
			productName = Events;
		};
		3E8B3E702B89029700E77CC9 /* SYVisualKit */ = {
			isa = XCSwiftPackageProductDependency;
			productName = SYVisualKit;
		};
		3EE80C5B2BAA19F60018ED2F /* MainScreen */ = {
			isa = XCSwiftPackageProductDependency;
			productName = MainScreen;
		};
		3EE8E7B02BEBFA0400DEBE2C /* SYCore */ = {
			isa = XCSwiftPackageProductDependency;
			productName = SYCore;
		};
		3EF79C942BA788C000D4D3BE /* SYKeychain */ = {
			isa = XCSwiftPackageProductDependency;
			productName = SYKeychain;
		};
		5E09F4882BB591F00030F785 /* Profile */ = {
			isa = XCSwiftPackageProductDependency;
			productName = Profile;
		};
		5E09F48B2BB5A6690030F785 /* ProfilesService */ = {
			isa = XCSwiftPackageProductDependency;
			productName = ProfilesService;
		};
		5E09F48E2BB5DC0C0030F785 /* RandomCoffee */ = {
			isa = XCSwiftPackageProductDependency;
			productName = RandomCoffee;
		};
		5E1FC8432BA3509B0077946F /* ProfileCreation */ = {
			isa = XCSwiftPackageProductDependency;
			productName = ProfileCreation;
		};
		5E4860942BB232F8006F10F5 /* Chat */ = {
			isa = XCSwiftPackageProductDependency;
			productName = Chat;
		};
/* End XCSwiftPackageProductDependency section */
	};
	rootObject = 3E171A9A2B7EB36200D4E016 /* Project object */;
}
